
Microsoft Visual Studio Solution File, Format Version 12.00
# Visual Studio Version 16
VisualStudioVersion = 16.0.32630.194
MinimumVisualStudioVersion = 10.0.40219.1
Project("{FAE04EC0-301F-11D3-BF4B-00C04F79EFBC}") = "GerenciamentoFuncionario.AcessoDados", "src\GerenciamentoFuncionario.AcessoDados\GerenciamentoFuncionario.AcessoDados.csproj", "{07D5BFF0-541C-4371-9B15-F5D846C831CA}"
EndProject
Project("{FAE04EC0-301F-11D3-BF4B-00C04F79EFBC}") = "GerenciamentoFuncionario.Comuns", "src\GerenciamentoFuncionario.Comuns\GerenciamentoFuncionario.Comuns.csproj", "{EE7E0439-5E5C-49A5-BDAB-EE6A46386FCF}"
EndProject
Project("{C7167F0D-BC9F-4E6E-AFE1-012C56B48DB5}") = "GerenciamentoFuncionario.WinUI (Package)", "src\GerenciamentoFuncionario.WinUI\GerenciamentoFuncionario.WinUI (Package)\GerenciamentoFuncionario.WinUI (Package).wapproj", "{170B1921-D2A5-4687-BA42-CE4A14C5B2FB}"
EndProject
Project("{FAE04EC0-301F-11D3-BF4B-00C04F79EFBC}") = "GerenciamentoFuncionario.WinUI", "src\GerenciamentoFuncionario.WinUI\GerenciamentoFuncionario.WinUI\GerenciamentoFuncionario.WinUI.csproj", "{19EC8329-681D-40DD-B1E7-5D857BB22D15}"
EndProject
Project("{2150E333-8FDC-42A3-9474-1A3956D46DE8}") = "Bibliotecas", "Bibliotecas", "{2E6EF4F7-8F8B-407A-AE32-2A86C72DA89F}"
EndProject
Project("{2150E333-8FDC-42A3-9474-1A3956D46DE8}") = "Interfaces", "Interfaces", "{AA404AB2-6F76-4332-87F8-A9119DE79A6C}"
EndProject
Global
	GlobalSection(SolutionConfigurationPlatforms) = preSolution
		Debug|Any CPU = Debug|Any CPU
		Debug|arm64 = Debug|arm64
		Debug|x64 = Debug|x64
		Debug|x86 = Debug|x86
		Release|Any CPU = Release|Any CPU
		Release|arm64 = Release|arm64
		Release|x64 = Release|x64
		Release|x86 = Release|x86
	EndGlobalSection
	GlobalSection(ProjectConfigurationPlatforms) = postSolution
		{07D5BFF0-541C-4371-9B15-F5D846C831CA}.Debug|Any CPU.ActiveCfg = Debug|Any CPU
		{07D5BFF0-541C-4371-9B15-F5D846C831CA}.Debug|Any CPU.Build.0 = Debug|Any CPU
		{07D5BFF0-541C-4371-9B15-F5D846C831CA}.Debug|arm64.ActiveCfg = Debug|Any CPU
		{07D5BFF0-541C-4371-9B15-F5D846C831CA}.Debug|arm64.Build.0 = Debug|Any CPU
		{07D5BFF0-541C-4371-9B15-F5D846C831CA}.Debug|x64.ActiveCfg = Debug|Any CPU
		{07D5BFF0-541C-4371-9B15-F5D846C831CA}.Debug|x64.Build.0 = Debug|Any CPU
		{07D5BFF0-541C-4371-9B15-F5D846C831CA}.Debug|x86.ActiveCfg = Debug|Any CPU
		{07D5BFF0-541C-4371-9B15-F5D846C831CA}.Debug|x86.Build.0 = Debug|Any CPU
		{07D5BFF0-541C-4371-9B15-F5D846C831CA}.Release|Any CPU.ActiveCfg = Release|Any CPU
		{07D5BFF0-541C-4371-9B15-F5D846C831CA}.Release|Any CPU.Build.0 = Release|Any CPU
		{07D5BFF0-541C-4371-9B15-F5D846C831CA}.Release|arm64.ActiveCfg = Release|Any CPU
		{07D5BFF0-541C-4371-9B15-F5D846C831CA}.Release|arm64.Build.0 = Release|Any CPU
		{07D5BFF0-541C-4371-9B15-F5D846C831CA}.Release|x64.ActiveCfg = Release|Any CPU
		{07D5BFF0-541C-4371-9B15-F5D846C831CA}.Release|x64.Build.0 = Release|Any CPU
		{07D5BFF0-541C-4371-9B15-F5D846C831CA}.Release|x86.ActiveCfg = Release|Any CPU
		{07D5BFF0-541C-4371-9B15-F5D846C831CA}.Release|x86.Build.0 = Release|Any CPU
		{EE7E0439-5E5C-49A5-BDAB-EE6A46386FCF}.Debug|Any CPU.ActiveCfg = Debug|Any CPU
		{EE7E0439-5E5C-49A5-BDAB-EE6A46386FCF}.Debug|Any CPU.Build.0 = Debug|Any CPU
		{EE7E0439-5E5C-49A5-BDAB-EE6A46386FCF}.Debug|arm64.ActiveCfg = Debug|Any CPU
		{EE7E0439-5E5C-49A5-BDAB-EE6A46386FCF}.Debug|arm64.Build.0 = Debug|Any CPU
		{EE7E0439-5E5C-49A5-BDAB-EE6A46386FCF}.Debug|x64.ActiveCfg = Debug|Any CPU
		{EE7E0439-5E5C-49A5-BDAB-EE6A46386FCF}.Debug|x64.Build.0 = Debug|Any CPU
		{EE7E0439-5E5C-49A5-BDAB-EE6A46386FCF}.Debug|x86.ActiveCfg = Debug|Any CPU
		{EE7E0439-5E5C-49A5-BDAB-EE6A46386FCF}.Debug|x86.Build.0 = Debug|Any CPU
		{EE7E0439-5E5C-49A5-BDAB-EE6A46386FCF}.Release|Any CPU.ActiveCfg = Release|Any CPU
		{EE7E0439-5E5C-49A5-BDAB-EE6A46386FCF}.Release|Any CPU.Build.0 = Release|Any CPU
		{EE7E0439-5E5C-49A5-BDAB-EE6A46386FCF}.Release|arm64.ActiveCfg = Release|Any CPU
		{EE7E0439-5E5C-49A5-BDAB-EE6A46386FCF}.Release|arm64.Build.0 = Release|Any CPU
		{EE7E0439-5E5C-49A5-BDAB-EE6A46386FCF}.Release|x64.ActiveCfg = Release|Any CPU
		{EE7E0439-5E5C-49A5-BDAB-EE6A46386FCF}.Release|x64.Build.0 = Release|Any CPU
		{EE7E0439-5E5C-49A5-BDAB-EE6A46386FCF}.Release|x86.ActiveCfg = Release|Any CPU
		{EE7E0439-5E5C-49A5-BDAB-EE6A46386FCF}.Release|x86.Build.0 = Release|Any CPU
		{170B1921-D2A5-4687-BA42-CE4A14C5B2FB}.Debug|Any CPU.ActiveCfg = Debug|x86
		{170B1921-D2A5-4687-BA42-CE4A14C5B2FB}.Debug|arm64.ActiveCfg = Debug|arm64
		{170B1921-D2A5-4687-BA42-CE4A14C5B2FB}.Debug|arm64.Build.0 = Debug|arm64
		{170B1921-D2A5-4687-BA42-CE4A14C5B2FB}.Debug|arm64.Deploy.0 = Debug|arm64
		{170B1921-D2A5-4687-BA42-CE4A14C5B2FB}.Debug|x64.ActiveCfg = Debug|x64
		{170B1921-D2A5-4687-BA42-CE4A14C5B2FB}.Debug|x64.Build.0 = Debug|x64
		{170B1921-D2A5-4687-BA42-CE4A14C5B2FB}.Debug|x64.Deploy.0 = Debug|x64
		{170B1921-D2A5-4687-BA42-CE4A14C5B2FB}.Debug|x86.ActiveCfg = Debug|x86
		{170B1921-D2A5-4687-BA42-CE4A14C5B2FB}.Debug|x86.Build.0 = Debug|x86
		{170B1921-D2A5-4687-BA42-CE4A14C5B2FB}.Debug|x86.Deploy.0 = Debug|x86
		{170B1921-D2A5-4687-BA42-CE4A14C5B2FB}.Release|Any CPU.ActiveCfg = Release|x86
		{170B1921-D2A5-4687-BA42-CE4A14C5B2FB}.Release|arm64.ActiveCfg = Release|arm64
		{170B1921-D2A5-4687-BA42-CE4A14C5B2FB}.Release|arm64.Build.0 = Release|arm64
		{170B1921-D2A5-4687-BA42-CE4A14C5B2FB}.Release|arm64.Deploy.0 = Release|arm64
		{170B1921-D2A5-4687-BA42-CE4A14C5B2FB}.Release|x64.ActiveCfg = Release|x64
		{170B1921-D2A5-4687-BA42-CE4A14C5B2FB}.Release|x64.Build.0 = Release|x64
		{170B1921-D2A5-4687-BA42-CE4A14C5B2FB}.Release|x64.Deploy.0 = Release|x64
		{170B1921-D2A5-4687-BA42-CE4A14C5B2FB}.Release|x86.ActiveCfg = Release|x86
		{170B1921-D2A5-4687-BA42-CE4A14C5B2FB}.Release|x86.Build.0 = Release|x86
		{170B1921-D2A5-4687-BA42-CE4A14C5B2FB}.Release|x86.Deploy.0 = Release|x86
		{19EC8329-681D-40DD-B1E7-5D857BB22D15}.Debug|Any CPU.ActiveCfg = Debug|x86
		{19EC8329-681D-40DD-B1E7-5D857BB22D15}.Debug|arm64.ActiveCfg = Debug|arm64
		{19EC8329-681D-40DD-B1E7-5D857BB22D15}.Debug|arm64.Build.0 = Debug|arm64
		{19EC8329-681D-40DD-B1E7-5D857BB22D15}.Debug|x64.ActiveCfg = Debug|x64
		{19EC8329-681D-40DD-B1E7-5D857BB22D15}.Debug|x64.Build.0 = Debug|x64
		{19EC8329-681D-40DD-B1E7-5D857BB22D15}.Debug|x86.ActiveCfg = Debug|x86
		{19EC8329-681D-40DD-B1E7-5D857BB22D15}.Debug|x86.Build.0 = Debug|x86
		{19EC8329-681D-40DD-B1E7-5D857BB22D15}.Release|Any CPU.ActiveCfg = Release|x86
		{19EC8329-681D-40DD-B1E7-5D857BB22D15}.Release|arm64.ActiveCfg = Release|arm64
		{19EC8329-681D-40DD-B1E7-5D857BB22D15}.Release|arm64.Build.0 = Release|arm64
		{19EC8329-681D-40DD-B1E7-5D857BB22D15}.Release|x64.ActiveCfg = Release|x64
		{19EC8329-681D-40DD-B1E7-5D857BB22D15}.Release|x64.Build.0 = Release|x64
		{19EC8329-681D-40DD-B1E7-5D857BB22D15}.Release|x86.ActiveCfg = Release|x86
		{19EC8329-681D-40DD-B1E7-5D857BB22D15}.Release|x86.Build.0 = Release|x86
	EndGlobalSection
	GlobalSection(SolutionProperties) = preSolution
		HideSolutionNode = FALSE
	EndGlobalSection
	GlobalSection(NestedProjects) = preSolution
		{07D5BFF0-541C-4371-9B15-F5D846C831CA} = {2E6EF4F7-8F8B-407A-AE32-2A86C72DA89F}
		{EE7E0439-5E5C-49A5-BDAB-EE6A46386FCF} = {2E6EF4F7-8F8B-407A-AE32-2A86C72DA89F}
		{170B1921-D2A5-4687-BA42-CE4A14C5B2FB} = {AA404AB2-6F76-4332-87F8-A9119DE79A6C}
		{19EC8329-681D-40DD-B1E7-5D857BB22D15} = {AA404AB2-6F76-4332-87F8-A9119DE79A6C}
	EndGlobalSection
	GlobalSection(ExtensibilityGlobals) = postSolution
		SolutionGuid = {E07EE932-4F4F-46FC-ACD2-0CFF20F2FE70}
	EndGlobalSection
EndGlobal
